
Microsoft Visual Studio Solution File, Format Version 12.00
# Visual Studio Version 17
VisualStudioVersion = 17.10.35122.118
MinimumVisualStudioVersion = 10.0.40219.1
Project("{9A19103F-16F7-4668-BE54-9A1E7A4F7556}") = "Ejemplo1", "Ejemplo1\Ejemplo1.csproj", "{437F1155-3968-43C3-97F5-DA409EB1276D}"
EndProject
Project("{FAE04EC0-301F-11D3-BF4B-00C04F79EFBC}") = "PipeLineExercise", "PipeLineExercise\PipeLineExercise.csproj", "{E46558EE-E204-4280-ACC1-5BC1C1F6015C}"
EndProject
Global
	GlobalSection(SolutionConfigurationPlatforms) = preSolution
		Debug|Any CPU = Debug|Any CPU
		Release|Any CPU = Release|Any CPU
	EndGlobalSection
	GlobalSection(ProjectConfigurationPlatforms) = postSolution
		{437F1155-3968-43C3-97F5-DA409EB1276D}.Debug|Any CPU.ActiveCfg = Debug|Any CPU
		{437F1155-3968-43C3-97F5-DA409EB1276D}.Debug|Any CPU.Build.0 = Debug|Any CPU
		{437F1155-3968-43C3-97F5-DA409EB1276D}.Release|Any CPU.ActiveCfg = Release|Any CPU
		{437F1155-3968-43C3-97F5-DA409EB1276D}.Release|Any CPU.Build.0 = Release|Any CPU
		{E46558EE-E204-4280-ACC1-5BC1C1F6015C}.Debug|Any CPU.ActiveCfg = Debug|Any CPU
		{E46558EE-E204-4280-ACC1-5BC1C1F6015C}.Debug|Any CPU.Build.0 = Debug|Any CPU
		{E46558EE-E204-4280-ACC1-5BC1C1F6015C}.Release|Any CPU.ActiveCfg = Release|Any CPU
		{E46558EE-E204-4280-ACC1-5BC1C1F6015C}.Release|Any CPU.Build.0 = Release|Any CPU
	EndGlobalSection
	GlobalSection(SolutionProperties) = preSolution
		HideSolutionNode = FALSE
	EndGlobalSection
	GlobalSection(ExtensibilityGlobals) = postSolution
		SolutionGuid = {FF3ADBB5-A67C-4436-86C4-4B13670AC296}
	EndGlobalSection
EndGlobal
